# This file is automatically @generated by Cargo.
# It is not intended for manual editing.
version = 4

[[package]]
name = "argument"
version = "0.0.1"
dependencies = [
 "argument-parser",
]

[[package]]
name = "argument-completions"
version = "0.0.1"
dependencies = [
 "argument",
]

[[package]]
name = "argument-mangen"
version = "0.0.1"
dependencies = [
 "argument",
]

[[package]]
name = "argument-parser"
version = "0.0.1"
